
Microsoft Visual Studio Solution File, Format Version 12.00
# Visual Studio 15
VisualStudioVersion = 15.0.28010.2026
MinimumVisualStudioVersion = 10.0.40219.1
Project("{2150E333-8FDC-42A3-9474-1A3956D46DE8}") = "Users", "Users", "{091FE647-7029-4A80-9401-3E57061E5C1D}"
EndProject
Project("{2150E333-8FDC-42A3-9474-1A3956D46DE8}") = "BankAccounts", "BankAccounts", "{28532109-1AD8-47C8-8273-63D7DD034086}"
EndProject
Project("{9A19103F-16F7-4668-BE54-9A1E7A4F7556}") = "BankAccounts.Domain", "BankAccounts.Domain\BankAccounts.Domain.csproj", "{171887C2-356B-4184-B953-27F4D8CB67CF}"
EndProject
Project("{9A19103F-16F7-4668-BE54-9A1E7A4F7556}") = "Users.Domain", "Users.Domain\Users.Domain.csproj", "{368942BC-6F76-4B39-B002-783B6ED1534F}"
EndProject
Project("{9A19103F-16F7-4668-BE54-9A1E7A4F7556}") = "BankAccounts.Api", "BankAccounts.Api\BankAccounts.Api.csproj", "{D9FF8423-3376-4159-957B-840B85BF6F36}"
EndProject
Project("{9A19103F-16F7-4668-BE54-9A1E7A4F7556}") = "Users.Api", "Users.Api\Users.Api.csproj", "{F1A398A9-EF47-42B2-BBD1-C2875AB18E04}"
EndProject
Project("{2150E333-8FDC-42A3-9474-1A3956D46DE8}") = "Search", "Search", "{29DD3E32-F270-4B7F-B96C-141D92357010}"
EndProject
Project("{9A19103F-16F7-4668-BE54-9A1E7A4F7556}") = "Search.Api", "Search.Api\Search.Api.csproj", "{4E1350BF-5E03-4B77-80E5-6F7D41EEDDEF}"
EndProject
Project("{2150E333-8FDC-42A3-9474-1A3956D46DE8}") = "_Shared", "_Shared", "{E16C7371-3389-4A93-B9E0-822ECC5113DE}"
EndProject
Project("{9A19103F-16F7-4668-BE54-9A1E7A4F7556}") = "App.Core", "App.Core\App.Core.csproj", "{21FA9F4C-84E3-4A24-8593-49EDEFBBB689}"
EndProject
Project("{9A19103F-16F7-4668-BE54-9A1E7A4F7556}") = "BankAccounts.Queries", "BankAccounts.Queries\BankAccounts.Queries.csproj", "{207AC515-5729-4386-8004-79EF32F09265}"
EndProject
Project("{9A19103F-16F7-4668-BE54-9A1E7A4F7556}") = "BankAccounts.Commands", "BankAccounts.Commands\BankAccounts.Commands.csproj", "{69F36A11-B64E-40A4-9A53-AC03F36FF0DB}"
EndProject
Global
	GlobalSection(SolutionConfigurationPlatforms) = preSolution
		Debug|Any CPU = Debug|Any CPU
		Release|Any CPU = Release|Any CPU
	EndGlobalSection
	GlobalSection(ProjectConfigurationPlatforms) = postSolution
		{171887C2-356B-4184-B953-27F4D8CB67CF}.Debug|Any CPU.ActiveCfg = Debug|Any CPU
		{171887C2-356B-4184-B953-27F4D8CB67CF}.Debug|Any CPU.Build.0 = Debug|Any CPU
		{171887C2-356B-4184-B953-27F4D8CB67CF}.Release|Any CPU.ActiveCfg = Release|Any CPU
		{171887C2-356B-4184-B953-27F4D8CB67CF}.Release|Any CPU.Build.0 = Release|Any CPU
		{368942BC-6F76-4B39-B002-783B6ED1534F}.Debug|Any CPU.ActiveCfg = Debug|Any CPU
		{368942BC-6F76-4B39-B002-783B6ED1534F}.Debug|Any CPU.Build.0 = Debug|Any CPU
		{368942BC-6F76-4B39-B002-783B6ED1534F}.Release|Any CPU.ActiveCfg = Release|Any CPU
		{368942BC-6F76-4B39-B002-783B6ED1534F}.Release|Any CPU.Build.0 = Release|Any CPU
		{D9FF8423-3376-4159-957B-840B85BF6F36}.Debug|Any CPU.ActiveCfg = Debug|Any CPU
		{D9FF8423-3376-4159-957B-840B85BF6F36}.Debug|Any CPU.Build.0 = Debug|Any CPU
		{D9FF8423-3376-4159-957B-840B85BF6F36}.Release|Any CPU.ActiveCfg = Release|Any CPU
		{D9FF8423-3376-4159-957B-840B85BF6F36}.Release|Any CPU.Build.0 = Release|Any CPU
		{F1A398A9-EF47-42B2-BBD1-C2875AB18E04}.Debug|Any CPU.ActiveCfg = Debug|Any CPU
		{F1A398A9-EF47-42B2-BBD1-C2875AB18E04}.Debug|Any CPU.Build.0 = Debug|Any CPU
		{F1A398A9-EF47-42B2-BBD1-C2875AB18E04}.Release|Any CPU.ActiveCfg = Release|Any CPU
		{F1A398A9-EF47-42B2-BBD1-C2875AB18E04}.Release|Any CPU.Build.0 = Release|Any CPU
		{4E1350BF-5E03-4B77-80E5-6F7D41EEDDEF}.Debug|Any CPU.ActiveCfg = Debug|Any CPU
		{4E1350BF-5E03-4B77-80E5-6F7D41EEDDEF}.Debug|Any CPU.Build.0 = Debug|Any CPU
		{4E1350BF-5E03-4B77-80E5-6F7D41EEDDEF}.Release|Any CPU.ActiveCfg = Release|Any CPU
		{4E1350BF-5E03-4B77-80E5-6F7D41EEDDEF}.Release|Any CPU.Build.0 = Release|Any CPU
		{21FA9F4C-84E3-4A24-8593-49EDEFBBB689}.Debug|Any CPU.ActiveCfg = Debug|Any CPU
		{21FA9F4C-84E3-4A24-8593-49EDEFBBB689}.Debug|Any CPU.Build.0 = Debug|Any CPU
		{21FA9F4C-84E3-4A24-8593-49EDEFBBB689}.Release|Any CPU.ActiveCfg = Release|Any CPU
		{21FA9F4C-84E3-4A24-8593-49EDEFBBB689}.Release|Any CPU.Build.0 = Release|Any CPU
		{207AC515-5729-4386-8004-79EF32F09265}.Debug|Any CPU.ActiveCfg = Debug|Any CPU
		{207AC515-5729-4386-8004-79EF32F09265}.Debug|Any CPU.Build.0 = Debug|Any CPU
		{207AC515-5729-4386-8004-79EF32F09265}.Release|Any CPU.ActiveCfg = Release|Any CPU
		{207AC515-5729-4386-8004-79EF32F09265}.Release|Any CPU.Build.0 = Release|Any CPU
		{69F36A11-B64E-40A4-9A53-AC03F36FF0DB}.Debug|Any CPU.ActiveCfg = Debug|Any CPU
		{69F36A11-B64E-40A4-9A53-AC03F36FF0DB}.Debug|Any CPU.Build.0 = Debug|Any CPU
		{69F36A11-B64E-40A4-9A53-AC03F36FF0DB}.Release|Any CPU.ActiveCfg = Release|Any CPU
		{69F36A11-B64E-40A4-9A53-AC03F36FF0DB}.Release|Any CPU.Build.0 = Release|Any CPU
	EndGlobalSection
	GlobalSection(SolutionProperties) = preSolution
		HideSolutionNode = FALSE
	EndGlobalSection
	GlobalSection(NestedProjects) = preSolution
		{171887C2-356B-4184-B953-27F4D8CB67CF} = {28532109-1AD8-47C8-8273-63D7DD034086}
		{368942BC-6F76-4B39-B002-783B6ED1534F} = {091FE647-7029-4A80-9401-3E57061E5C1D}
		{D9FF8423-3376-4159-957B-840B85BF6F36} = {28532109-1AD8-47C8-8273-63D7DD034086}
		{F1A398A9-EF47-42B2-BBD1-C2875AB18E04} = {091FE647-7029-4A80-9401-3E57061E5C1D}
		{4E1350BF-5E03-4B77-80E5-6F7D41EEDDEF} = {29DD3E32-F270-4B7F-B96C-141D92357010}
		{21FA9F4C-84E3-4A24-8593-49EDEFBBB689} = {E16C7371-3389-4A93-B9E0-822ECC5113DE}
		{207AC515-5729-4386-8004-79EF32F09265} = {28532109-1AD8-47C8-8273-63D7DD034086}
		{69F36A11-B64E-40A4-9A53-AC03F36FF0DB} = {28532109-1AD8-47C8-8273-63D7DD034086}
	EndGlobalSection
	GlobalSection(ExtensibilityGlobals) = postSolution
		SolutionGuid = {847AF2AA-C180-4D3F-A296-7628D0A44C47}
	EndGlobalSection
EndGlobal
